github.com/Zyko0/go-sdl3 v0.0.0-20250308104350-51f2de396718 h1:tG0AnORVp6qXaPL2Gggc0aE7Mfvk3RYn2Vjgd1Kq0hg=
github.com/Zyko0/go-sdl3 v0.0.0-20250308104350-51f2de396718/go.mod h1:Uck92vyjidubUn+MpQrUmMbdxzAd5AyTOmmIz+K9L40=
github.com/Zyko0/go-sdl3 v0.0.0-20250308104557-6c2dfad02cc9 h1:02uLHpxhtC5rrSrH4FvnLSAOH+fDOzgTy0go9auY9/o=
github.com/Zyko0/go-sdl3 v0.0.0-20250308104557-6c2dfad02cc9/go.mod h1:Uck92vyjidubUn+MpQrUmMbdxzAd5AyTOmmIz+K9L40=
github.com/Zyko0/go-sdl3 v0.0.0-20250308115634-92f09df6b978 h1:oet+5JPmpkN1wrVG/yeqRSh/nk+nQ+O7LQDmtXBGKLw=
github.com/Zyko0/go-sdl3 v0.0.0-20250308115634-92f09df6b978/go.mod h1:Uck92vyjidubUn+MpQrUmMbdxzAd5AyTOmmIz+K9L40=
github.com/Zyko0/go-sdl3 v0.0.0-20250308115800-b2920bf79e1d h1:0VaZvr7WK450vLfL3QvpiCZfyioy4ROfWDWamRKpyS4=
github.com/Zyko0/go-sdl3 v0.0.0-20250308115800-b2920bf79e1d/go.mod h1:Uck92vyjidubUn+MpQrUmMbdxzAd5AyTOmmIz+K9L40=
github.com/Zyko0/go-sdl3 v0.0.0-20250308153408-111c61204c42 h1:QTkjt62eT6pTTjcZALOkCggf12SBWiaEFj/DomSTUc4=
github.com/Zyko0/go-sdl3 v0.0.0-20250308153408-111c61204c42/go.mod h1:y9Xormjz/GWcAeGbl+Z2zOaKtKfeeZ+5x8UiojyFFdg=
github.com/Zyko0/go-sdl3 v0.0.0-20250309102339-186b3895f342 h1:Y3gxvIoGLRsmGbjU8rhsjuWmZXPlHbSW5dij3huN6rw=
github.com/Zyko0/go-sdl3 v0.0.0-20250309102339-186b3895f342/go.mod h1:y9Xormjz/GWcAeGbl+Z2zOaKtKfeeZ+5x8UiojyFFdg=
github.com/Zyko0/go-sdl3 v0.0.0-20250310120051-295d3d8333ec h1:b+scwXryZS28tAUNIwqKl4sAC/Vp2XMMGADSDcJSnzc=
github.com/Zyko0/go-sdl3 v0.0.0-20250310120051-295d3d8333ec/go.mod h1:y9Xormjz/GWcAeGbl+Z2zOaKtKfeeZ+5x8UiojyFFdg=
github.com/Zyko0/go-sdl3 v0.0.0-20250311171709-63948eed2ec4 h1:caFviEeV1EcvOhbbeeDp6v6NXWRsNb3pP/AdWD978Bw=
github.com/Zyko0/go-sdl3 v0.0.0-20250311171709-63948eed2ec4/go.mod h1:y9Xormjz/GWcAeGbl+Z2zOaKtKfeeZ+5x8UiojyFFdg=
github.com/Zyko0/go-sdl3 v0.0.0-20250311171927-f52d8eaacc5a h1:0xH70Ix+WebsjzAn0wHJ00s8xYTTiWVB8WXg3J+22a8=
github.com/Zyko0/go-sdl3 v0.0.0-20250311171927-f52d8eaacc5a/go.mod h1:y9Xormjz/GWcAeGbl+Z2zOaKtKfeeZ+5x8UiojyFFdg=
github.com/Zyko0/purego-gen v0.0.0-20250217230141-c752cce82336 h1:ixEhUXV50zGYqU6AK2hxCEgbsKWYMNMbSuyUntmsE8c=
github.com/Zyko0/purego-gen v0.0.0-20250217230141-c752cce82336/go.mod h1:yJn8avSZmgophSwHMUDhlEIzdkB9uUTEctszmQmjxDo=
github.com/Zyko0/purego-gen v0.0.0-20250308152853-097c3ba1e28a h1:N5RnQ3/z1/HjCivGNfRbID/3QreOQ6Dulr3FAOgULqc=
github.com/Zyko0/purego-gen v0.0.0-20250308152853-097c3ba1e28a/go.mod h1:yJn8avSZmgophSwHMUDhlEIzdkB9uUTEctszmQmjxDo=
github.com/bmatcuk/doublestar v1.3.4 h1:gPypJ5xD31uhX6Tf54sDPUOBXTqKH4c9aPY66CyQrS0=
github.com/bmatcuk/doublestar v1.3.4/go.mod h1:wiQtGV+rzVYxB7WIlirSN++5HPtPlXEo9MEoZQC/PmE=
github.com/chewxy/math32 v1.10.1 h1:LFpeY0SLJXeaiej/eIp2L40VYfscTvKh/FSEZ68uMkU=
github.com/chewxy/math32 v1.10.1/go.mod h1:dOB2rcuFrCn6UHrze36WSLVPKtzPMRAQvBvUwkSsLqs=
github.com/cpuguy83/go-md2man/v2 v2.0.4/go.mod h1:tgQtvFlXSQOSOSIRvRPT7W67SCa46tRHOmNcaadrF8o=
github.com/davecgh/go-spew v1.1.1 h1:vj9j/u1bqnvCEfJOwUhtlOARqs3+rkHYY13jYWTU97c=
github.com/davecgh/go-spew v1.1.1/go.mod h1:J7Y8YcW2NihsgmVo/mv3lAwl/skON4iLHjSsI+c5H38=
github.com/dustin/go-humanize v1.0.1 h1:GzkhY7T5VNhEkwH0PVJgjz+fX1rhBrR7pRT3mDkpeCY=
github.com/dustin/go-humanize v1.0.1/go.mod h1:Mu1zIs6XwVuF/gI1OepvI0qD18qycQx+mFykh5fBlto=
github.com/ebitengine/gomobile v0.0.0-20240911145611-4856209ac325 h1:Gk1XUEttOk0/hb6Tq3WkmutWa0ZLhNn/6fc6XZpM7tM=
github.com/ebitengine/gomobile v0.0.0-20240911145611-4856209ac325/go.mod h1:ulhSQcbPioQrallSuIzF8l1NKQoD7xmMZc5NxzibUMY=
github.com/ebitengine/hideconsole v1.0.0 h1:5J4U0kXF+pv/DhiXt5/lTz0eO5ogJ1iXb8Yj1yReDqE=
github.com/ebitengine/hideconsole v1.0.0/go.mod h1:hTTBTvVYWKBuxPr7peweneWdkUwEuHuB3C1R/ielR1A=
github.com/ebitengine/purego v0.9.0-alpha.2.0.20250124174847-29f0104e3c2b h1:/KAOJuXR4cWaQIiA9xBMDSQJ1JXq5gZHdSK8prrtUqQ=
github.com/ebitengine/purego v0.9.0-alpha.2.0.20250124174847-29f0104e3c2b/go.mod h1:iIjxzd6CiRiOG0UyXP+V1+jWqUXVjPKLAI0mRfJZTmQ=
github.com/emicklei/dot v1.6.2 h1:08GN+DD79cy/tzN6uLCT84+2Wk9u+wvqP+Hkx/dIR8A=
github.com/emicklei/dot v1.6.2/go.mod h1:DeV7GvQtIw4h2u73RKBkkFdvVAz0D9fzeJrgPW6gy/s=
github.com/go-text/typesetting v0.2.0 h1:fbzsgbmk04KiWtE+c3ZD4W2nmCRzBqrqQOvYlwAOdho=
github.com/go-text/typesetting v0.2.0/go.mod h1:2+owI/sxa73XA581LAzVuEBZ3WEEV2pXeDswCH/3i1I=
github.com/google/go-cmp v0.5.9 h1:O2Tfq5qg4qc4AmwVlvv0oLiVAGB7enBSJ2x2DqQFi38=
github.com/google/go-cmp v0.5.9/go.mod h1:17dUlkBOakJ0+DkrSSNjCkIjxS6bF9zb3elmeNGIjoY=
github.com/gotranspile/cxgo v0.5.0 h1:vd2mu56GCESl+pQOh+iY7PfnluCktfvgVWBgkIbveD4=
github.com/gotranspile/cxgo v0.5.0/go.mod h1:GeAQpkzbCOjnhEutduK/RPrio2NIuy3jPSj8gqzhhwI=
github.com/hajimehoshi/ebiten/v2 v2.8.6 h1:Dkd/sYI0TYyZRCE7GVxV59XC+WCi2BbGAbIBjXeVC1U=
github.com/hajimehoshi/ebiten/v2 v2.8.6/go.mod h1:cCQ3np7rdmaJa1ZnvslraVlpxNb3wCjEnAP1LHNyXNA=
github.com/inconshreveable/mousetrap v1.1.0 h1:wN+x4NVGpMsO7ErUn/mUI3vEoE6Jt13X2s0bqwp9tc8=
github.com/inconshreveable/mousetrap v1.1.0/go.mod h1:vpF70FUmC8bwa3OWnCshd2FqLfsEA9PFc4w1p2J65bw=
github.com/jezek/xgb v1.1.1 h1:bE/r8ZZtSv7l9gk6nU0mYx51aXrvnyb44892TwSaqS4=
github.com/jezek/xgb v1.1.1/go.mod h1:nrhwO0FX/enq75I7Y7G8iN1ubpSGZEiA3v9e9GyRFlk=
github.com/pmezard/go-difflib v1.0.0 h1:4DBwDE0NGyQoBHbLQYPwSUPoCMWR5BEzIk/f1lZbAQM=
github.com/pmezard/go-difflib v1.0.0/go.mod h1:iKH77koFhYxTK1pcRnkKkqfTogsbg7gZNVY4sRDYZ/4=
github.com/remyoudompheng/bigfft v0.0.0-20230129092748-24d4a6f8daec h1:W09IVJc94icq4NjY3clb7Lk8O1qJ8BdBEF8z0ibU0rE=
github.com/remyoudompheng/bigfft v0.0.0-20230129092748-24d4a6f8daec/go.mod h1:qqbHyh8v60DhA7CoWK5oRCqLrMHRGoxYCSS9EjAz6Eo=
github.com/russross/blackfriday/v2 v2.1.0/go.mod h1:+Rmxgy9KzJVeS9/2gXHxylqXiyQDYRxCVz55jmeOWTM=
github.com/spf13/cobra v1.8.1 h1:e5/vxKd/rZsfSJMUX1agtjeTDf+qv1/JdBF8gg5k9ZM=
github.com/spf13/cobra v1.8.1/go.mod h1:wHxEcudfqmLYa8iTfL+OuZPbBZkmvliBWKIezN3kD9Y=
github.com/spf13/pflag v1.0.5 h1:iy+VFUOCP1a+8yFto/drg2CJ5u0yRoB7fZw3DKv/JXA=
github.com/spf13/pflag v1.0.5/go.mod h1:McXfInJRrz4CZXVZOBLb0bTZqETkiAhM9Iw0y3An2Bg=
github.com/stretchr/testify v1.9.0 h1:HtqpIVDClZ4nwg75+f6Lvsy/wHu+3BoSGCbBAcpTsTg=
github.com/stretchr/testify v1.9.0/go.mod h1:r2ic/lqez/lEtzL7wO/rwa5dbSLXVDPFyf8C91i36aY=
github.com/veandco/go-sdl2 v0.4.40 h1:fZv6wC3zz1Xt167P09gazawnpa0KY5LM7JAvKpX9d/U=
github.com/veandco/go-sdl2 v0.4.40/go.mod h1:OROqMhHD43nT4/i9crJukyVecjPNYYuCofep6SNiAjY=
golang.org/x/image v0.20.0 h1:7cVCUjQwfL18gyBJOmYvptfSHS8Fb3YUDtfLIZ7Nbpw=
golang.org/x/image v0.20.0/go.mod h1:0a88To4CYVBAHp5FXJm8o7QbUl37Vd85ply1vyD8auM=
golang.org/x/sync v0.8.0 h1:3NFvSEYkUoMifnESzZl15y791HH1qU2xm6eCJU5ZPXQ=
golang.org/x/sync v0.8.0/go.mod h1:Czt+wKu1gCyEFDUtn0jG5QVvpJ6rzVqr5aXyt9drQfk=
golang.org/x/sys v0.7.0 h1:3jlCCIQZPdOYu1h8BkNvLz8Kgwtae2cagcG/VamtZRU=
golang.org/x/sys v0.7.0/go.mod h1:oPkhp1MJrh7nUepCBck5+mAzfO9JrbApNNgaTdGDITg=
golang.org/x/sys v0.25.0 h1:r+8e+loiHxRqhXVl6ML1nO3l1+oFoWbnlu2Ehimmi34=
golang.org/x/sys v0.25.0/go.mod h1:/VUhepiaJMQUp4+oa/7Zr1D23ma6VTLIYjOOTFZPUcA=
golang.org/x/text v0.18.0 h1:XvMDiNzPAl0jr17s6W9lcaIhGUfUORdGCNsuLmPG224=
golang.org/x/text v0.18.0/go.mod h1:BuEKDfySbSR4drPmRPG/7iBdf8hvFMuRexcpahXilzY=
gopkg.in/check.v1 v0.0.0-20161208181325-20d25e280405 h1:yhCVgyC4o1eVCa2tZl7eS0r+SDo693bJlVdllGtEeKM=
gopkg.in/check.v1 v0.0.0-20161208181325-20d25e280405/go.mod h1:Co6ibVJAznAaIkqp8huTwlJQCZ016jof/cbN4VW5Yz0=
gopkg.in/yaml.v3 v3.0.1 h1:fxVm/GzAzEWqLHuvctI91KS9hhNmmWOoWu0XTYJS7CA=
gopkg.in/yaml.v3 v3.0.1/go.mod h1:K4uyk7z7BCEPqu6E+C64Yfv1cQ7kz7rIZviUmN+EgEM=
lukechampine.com/uint128 v1.3.0 h1:cDdUVfRwDUDovz610ABgFD17nXD4/uDgVHl2sC3+sbo=
lukechampine.com/uint128 v1.3.0/go.mod h1:c4eWIwlEGaxC/+H1VguhU4PHXNWDCDMUlWdIWl2j1gk=
modernc.org/cc/v3 v3.41.0 h1:QoR1Sn3YWlmA1T4vLaKZfawdVtSiGx8H+cEojbC7v1Q=
modernc.org/cc/v3 v3.41.0/go.mod h1:Ni4zjJYJ04CDOhG7dn640WGfwBzfE0ecX8TyMB0Fv0Y=
modernc.org/mathutil v1.6.0 h1:fRe9+AmYlaej+64JsEEhoWuAYBkOtQiMEU7n/XgfYi4=
modernc.org/mathutil v1.6.0/go.mod h1:Ui5Q9q1TR2gFm0AQRqQUaBWFLAhQpCwNcuhBOSedWPo=
modernc.org/strutil v1.2.0 h1:agBi9dp1I+eOnxXeiZawM8F4LawKv4NzGWSaLfyeNZA=
modernc.org/strutil v1.2.0/go.mod h1:/mdcBmfOibveCTBxUl5B5l6W+TTH1FXPLHZE6bTosX0=
modernc.org/token v1.1.0 h1:Xl7Ap9dKaEs5kLoOQeQmPWevfnk/DM5qcLcYlA8ys6Y=
modernc.org/token v1.1.0/go.mod h1:UGzOrNV1mAFSEB63lOFHIpNRUVMvYTc6yu1SMY/XTDM=
